
Microsoft Visual Studio Solution File, Format Version 12.00
# Visual Studio 15
VisualStudioVersion = 15.0.27703.2042
MinimumVisualStudioVersion = 10.0.40219.1
Project("{FAE04EC0-301F-11D3-BF4B-00C04F79EFBC}") = "Kowalski", "Kowalski\Kowalski.csproj", "{6C20A979-9D4E-4510-927D-0A1532469A83}"
EndProject
Global
	GlobalSection(SolutionConfigurationPlatforms) = preSolution
		Debug|Any CPU = Debug|Any CPU
		Release|Any CPU = Release|Any CPU
	EndGlobalSection
	GlobalSection(ProjectConfigurationPlatforms) = postSolution
		{6C20A979-9D4E-4510-927D-0A1532469A83}.Debug|Any CPU.ActiveCfg = Debug|Any CPU
		{6C20A979-9D4E-4510-927D-0A1532469A83}.Debug|Any CPU.Build.0 = Debug|Any CPU
		{6C20A979-9D4E-4510-927D-0A1532469A83}.Release|Any CPU.ActiveCfg = Release|Any CPU
		{6C20A979-9D4E-4510-927D-0A1532469A83}.Release|Any CPU.Build.0 = Release|Any CPU
	EndGlobalSection
	GlobalSection(SolutionProperties) = preSolution
		HideSolutionNode = FALSE
	EndGlobalSection
	GlobalSection(ExtensibilityGlobals) = postSolution
		SolutionGuid = {6DCD248A-B326-487E-ACC7-5B69DE85D859}
	EndGlobalSection
EndGlobal
